
Microsoft Visual Studio Solution File, Format Version 12.00
# Visual Studio Version 17
VisualStudioVersion = 17.7.34031.279
MinimumVisualStudioVersion = 10.0.40219.1
Project("{8BC9CEB8-8B4A-11D0-8D11-00A0C91BC942}") = "lab_5.5", "lab_5.5\lab_5.5.vcxproj", "{03227E0B-93B1-4F24-B369-A9FCF0342B21}"
EndProject
Project("{8BC9CEB8-8B4A-11D0-8D11-00A0C91BC942}") = "lab_5.5 (ut)", "lab_5.5 (ut)\lab_5.5 (ut).vcxproj", "{1C59E4BB-64DE-45A0-8AB5-AED97C236151}"
EndProject
Global
	GlobalSection(SolutionConfigurationPlatforms) = preSolution
		Debug|x64 = Debug|x64
		Debug|x86 = Debug|x86
		Release|x64 = Release|x64
		Release|x86 = Release|x86
	EndGlobalSection
	GlobalSection(ProjectConfigurationPlatforms) = postSolution
		{03227E0B-93B1-4F24-B369-A9FCF0342B21}.Debug|x64.ActiveCfg = Debug|x64
		{03227E0B-93B1-4F24-B369-A9FCF0342B21}.Debug|x64.Build.0 = Debug|x64
		{03227E0B-93B1-4F24-B369-A9FCF0342B21}.Debug|x86.ActiveCfg = Debug|Win32
		{03227E0B-93B1-4F24-B369-A9FCF0342B21}.Debug|x86.Build.0 = Debug|Win32
		{03227E0B-93B1-4F24-B369-A9FCF0342B21}.Release|x64.ActiveCfg = Release|x64
		{03227E0B-93B1-4F24-B369-A9FCF0342B21}.Release|x64.Build.0 = Release|x64
		{03227E0B-93B1-4F24-B369-A9FCF0342B21}.Release|x86.ActiveCfg = Release|Win32
		{03227E0B-93B1-4F24-B369-A9FCF0342B21}.Release|x86.Build.0 = Release|Win32
		{1C59E4BB-64DE-45A0-8AB5-AED97C236151}.Debug|x64.ActiveCfg = Debug|x64
		{1C59E4BB-64DE-45A0-8AB5-AED97C236151}.Debug|x64.Build.0 = Debug|x64
		{1C59E4BB-64DE-45A0-8AB5-AED97C236151}.Debug|x86.ActiveCfg = Debug|Win32
		{1C59E4BB-64DE-45A0-8AB5-AED97C236151}.Debug|x86.Build.0 = Debug|Win32
		{1C59E4BB-64DE-45A0-8AB5-AED97C236151}.Release|x64.ActiveCfg = Release|x64
		{1C59E4BB-64DE-45A0-8AB5-AED97C236151}.Release|x64.Build.0 = Release|x64
		{1C59E4BB-64DE-45A0-8AB5-AED97C236151}.Release|x86.ActiveCfg = Release|Win32
		{1C59E4BB-64DE-45A0-8AB5-AED97C236151}.Release|x86.Build.0 = Release|Win32
	EndGlobalSection
	GlobalSection(SolutionProperties) = preSolution
		HideSolutionNode = FALSE
	EndGlobalSection
	GlobalSection(ExtensibilityGlobals) = postSolution
		SolutionGuid = {3E3E40BA-4BC1-480F-B2E7-8D2D6B4B3C39}
	EndGlobalSection
EndGlobal
